
Microsoft Visual Studio Solution File, Format Version 12.00
# Visual Studio Version 17
VisualStudioVersion = 17.0.31903.59
MinimumVisualStudioVersion = 10.0.40219.1
Project("{2150E333-8FDC-42A3-9474-1A3956D46DE8}") = "src", "src", "{FBA606D8-4DD0-4BED-9DFF-A1CC3DCE0E9A}"
EndProject
Project("{FAE04EC0-301F-11D3-BF4B-00C04F79EFBC}") = "PromptingDemo", "src\PromptingDemo\PromptingDemo.csproj", "{38DEA313-A73C-49CA-8B0E-F02679B58617}"
EndProject
Global
	GlobalSection(SolutionConfigurationPlatforms) = preSolution
		Debug|Any CPU = Debug|Any CPU
		Release|Any CPU = Release|Any CPU
	EndGlobalSection
	GlobalSection(SolutionProperties) = preSolution
		HideSolutionNode = FALSE
	EndGlobalSection
	GlobalSection(ProjectConfigurationPlatforms) = postSolution
		{38DEA313-A73C-49CA-8B0E-F02679B58617}.Debug|Any CPU.ActiveCfg = Debug|Any CPU
		{38DEA313-A73C-49CA-8B0E-F02679B58617}.Debug|Any CPU.Build.0 = Debug|Any CPU
		{38DEA313-A73C-49CA-8B0E-F02679B58617}.Release|Any CPU.ActiveCfg = Release|Any CPU
		{38DEA313-A73C-49CA-8B0E-F02679B58617}.Release|Any CPU.Build.0 = Release|Any CPU
	EndGlobalSection
	GlobalSection(NestedProjects) = preSolution
		{38DEA313-A73C-49CA-8B0E-F02679B58617} = {FBA606D8-4DD0-4BED-9DFF-A1CC3DCE0E9A}
	EndGlobalSection
EndGlobal
